
Microsoft Visual Studio Solution File, Format Version 12.00
# Visual Studio Version 17
VisualStudioVersion = 17.0.32112.339
MinimumVisualStudioVersion = 10.0.40219.1
Project("{9A19103F-16F7-4668-BE54-9A1E7A4F7556}") = "Stride.CommunityToolkit", "src\Stride.CommunityToolkit\Stride.CommunityToolkit.csproj", "{BE6D2173-AC41-40BB-9F3C-D0AF85B7FE86}"
EndProject
Project("{9A19103F-16F7-4668-BE54-9A1E7A4F7556}") = "Stride.CommunityToolkit.Examples", "src\Stride.CommunityToolkit.Examples\Stride.CommunityToolkit.Examples.csproj", "{1706D82A-02A0-4093-9499-31BFA42FA727}"
EndProject
Project("{9A19103F-16F7-4668-BE54-9A1E7A4F7556}") = "Stride.CommunityToolkit.Docs", "docs\Stride.CommunityToolkit.Docs.csproj", "{A2BA8869-D347-4010-B446-08966F514AEF}"
EndProject
Project("{2150E333-8FDC-42A3-9474-1A3956D46DE8}") = "Solution Items", "Solution Items", "{C7B56428-8549-4A84-A549-2A721460BCA8}"
	ProjectSection(SolutionItems) = preProject
		src\CommonSettings.props = src\CommonSettings.props
		.github\workflows\dotnet-nuget.yml = .github\workflows\dotnet-nuget.yml
		.github\workflows\dotnet.yml = .github\workflows\dotnet.yml
		.github\workflows\github-pages.yml = .github\workflows\github-pages.yml
		README.md = README.md
	EndProjectSection
EndProject
Project("{9A19103F-16F7-4668-BE54-9A1E7A4F7556}") = "Example01_Basic3DScene", "examples\code-only\Example01_Basic3DScene\Example01_Basic3DScene.csproj", "{D18A062B-5FCC-4ED2-879B-C4FDD9B8E295}"
EndProject
Project("{2150E333-8FDC-42A3-9474-1A3956D46DE8}") = "examples", "examples", "{30457B66-9E10-4290-9744-D0079DE0448B}"
EndProject
Project("{9A19103F-16F7-4668-BE54-9A1E7A4F7556}") = "Example02_GiveMeACube", "examples\code-only\Example02_GiveMeACube\Example02_GiveMeACube.csproj", "{624182EB-20D8-4176-9704-02BD2B6EA6ED}"
EndProject
Project("{9A19103F-16F7-4668-BE54-9A1E7A4F7556}") = "Example04_MyraUI", "examples\code-only\Example04_MyraUI\Example04_MyraUI.csproj", "{53070659-0936-46DD-86AB-3685AF7AD8AC}"
EndProject
Project("{9A19103F-16F7-4668-BE54-9A1E7A4F7556}") = "Example03_StrideUI_CapsuleAndWindow", "examples\code-only\Example03_StrideUI_CapsuleAndWindow\Example03_StrideUI_CapsuleAndWindow.csproj", "{3A424438-B172-4D84-B36C-2EFD53EE4A55}"
EndProject
Project("{6EC3EE1D-3C4E-46DD-8F32-0CC8E7565705}") = "Example05_FSharp_Basic3DScene", "examples\code-only\Example05_FSharp_Basic3DScene\Example05_FSharp_Basic3DScene.fsproj", "{F730BBA2-480B-4F6A-BFB9-9CA003F0B4C6}"
EndProject
Project("{778DAE3C-4631-46EA-AA77-85C1314464D9}") = "Example06_VBasic_Basic3DScene", "examples\code-only\Example06_VBasic_Basic3DScene\Example06_VBasic_Basic3DScene.vbproj", "{F9FFE7E3-7ED5-44F6-84B1-9760E1177B20}"
EndProject
Global
	GlobalSection(SolutionConfigurationPlatforms) = preSolution
		Debug|Any CPU = Debug|Any CPU
		Release|Any CPU = Release|Any CPU
	EndGlobalSection
	GlobalSection(ProjectConfigurationPlatforms) = postSolution
		{BE6D2173-AC41-40BB-9F3C-D0AF85B7FE86}.Debug|Any CPU.ActiveCfg = Debug|Any CPU
		{BE6D2173-AC41-40BB-9F3C-D0AF85B7FE86}.Debug|Any CPU.Build.0 = Debug|Any CPU
		{BE6D2173-AC41-40BB-9F3C-D0AF85B7FE86}.Release|Any CPU.ActiveCfg = Release|Any CPU
		{BE6D2173-AC41-40BB-9F3C-D0AF85B7FE86}.Release|Any CPU.Build.0 = Release|Any CPU
		{1706D82A-02A0-4093-9499-31BFA42FA727}.Debug|Any CPU.ActiveCfg = Debug|Any CPU
		{1706D82A-02A0-4093-9499-31BFA42FA727}.Debug|Any CPU.Build.0 = Debug|Any CPU
		{1706D82A-02A0-4093-9499-31BFA42FA727}.Release|Any CPU.ActiveCfg = Release|Any CPU
		{1706D82A-02A0-4093-9499-31BFA42FA727}.Release|Any CPU.Build.0 = Release|Any CPU
		{A2BA8869-D347-4010-B446-08966F514AEF}.Debug|Any CPU.ActiveCfg = Debug|Any CPU
		{A2BA8869-D347-4010-B446-08966F514AEF}.Release|Any CPU.ActiveCfg = Release|Any CPU
		{A2BA8869-D347-4010-B446-08966F514AEF}.Release|Any CPU.Build.0 = Release|Any CPU
		{D18A062B-5FCC-4ED2-879B-C4FDD9B8E295}.Debug|Any CPU.ActiveCfg = Debug|Any CPU
		{D18A062B-5FCC-4ED2-879B-C4FDD9B8E295}.Debug|Any CPU.Build.0 = Debug|Any CPU
		{D18A062B-5FCC-4ED2-879B-C4FDD9B8E295}.Release|Any CPU.ActiveCfg = Release|Any CPU
		{D18A062B-5FCC-4ED2-879B-C4FDD9B8E295}.Release|Any CPU.Build.0 = Release|Any CPU
		{624182EB-20D8-4176-9704-02BD2B6EA6ED}.Debug|Any CPU.ActiveCfg = Debug|Any CPU
		{624182EB-20D8-4176-9704-02BD2B6EA6ED}.Debug|Any CPU.Build.0 = Debug|Any CPU
		{624182EB-20D8-4176-9704-02BD2B6EA6ED}.Release|Any CPU.ActiveCfg = Release|Any CPU
		{624182EB-20D8-4176-9704-02BD2B6EA6ED}.Release|Any CPU.Build.0 = Release|Any CPU
		{53070659-0936-46DD-86AB-3685AF7AD8AC}.Debug|Any CPU.ActiveCfg = Debug|Any CPU
		{53070659-0936-46DD-86AB-3685AF7AD8AC}.Debug|Any CPU.Build.0 = Debug|Any CPU
		{53070659-0936-46DD-86AB-3685AF7AD8AC}.Release|Any CPU.ActiveCfg = Release|Any CPU
		{53070659-0936-46DD-86AB-3685AF7AD8AC}.Release|Any CPU.Build.0 = Release|Any CPU
		{3A424438-B172-4D84-B36C-2EFD53EE4A55}.Debug|Any CPU.ActiveCfg = Debug|Any CPU
		{3A424438-B172-4D84-B36C-2EFD53EE4A55}.Debug|Any CPU.Build.0 = Debug|Any CPU
		{3A424438-B172-4D84-B36C-2EFD53EE4A55}.Release|Any CPU.ActiveCfg = Release|Any CPU
		{3A424438-B172-4D84-B36C-2EFD53EE4A55}.Release|Any CPU.Build.0 = Release|Any CPU
		{F730BBA2-480B-4F6A-BFB9-9CA003F0B4C6}.Debug|Any CPU.ActiveCfg = Debug|Any CPU
		{F730BBA2-480B-4F6A-BFB9-9CA003F0B4C6}.Debug|Any CPU.Build.0 = Debug|Any CPU
		{F730BBA2-480B-4F6A-BFB9-9CA003F0B4C6}.Release|Any CPU.ActiveCfg = Release|Any CPU
		{F730BBA2-480B-4F6A-BFB9-9CA003F0B4C6}.Release|Any CPU.Build.0 = Release|Any CPU
		{F9FFE7E3-7ED5-44F6-84B1-9760E1177B20}.Debug|Any CPU.ActiveCfg = Debug|Any CPU
		{F9FFE7E3-7ED5-44F6-84B1-9760E1177B20}.Debug|Any CPU.Build.0 = Debug|Any CPU
		{F9FFE7E3-7ED5-44F6-84B1-9760E1177B20}.Release|Any CPU.ActiveCfg = Release|Any CPU
		{F9FFE7E3-7ED5-44F6-84B1-9760E1177B20}.Release|Any CPU.Build.0 = Release|Any CPU
	EndGlobalSection
	GlobalSection(SolutionProperties) = preSolution
		HideSolutionNode = FALSE
	EndGlobalSection
	GlobalSection(NestedProjects) = preSolution
		{D18A062B-5FCC-4ED2-879B-C4FDD9B8E295} = {30457B66-9E10-4290-9744-D0079DE0448B}
		{624182EB-20D8-4176-9704-02BD2B6EA6ED} = {30457B66-9E10-4290-9744-D0079DE0448B}
		{53070659-0936-46DD-86AB-3685AF7AD8AC} = {30457B66-9E10-4290-9744-D0079DE0448B}
		{3A424438-B172-4D84-B36C-2EFD53EE4A55} = {30457B66-9E10-4290-9744-D0079DE0448B}
		{F730BBA2-480B-4F6A-BFB9-9CA003F0B4C6} = {30457B66-9E10-4290-9744-D0079DE0448B}
		{F9FFE7E3-7ED5-44F6-84B1-9760E1177B20} = {30457B66-9E10-4290-9744-D0079DE0448B}
	EndGlobalSection
	GlobalSection(ExtensibilityGlobals) = postSolution
		SolutionGuid = {C7A8C18E-C1F5-492F-8173-51EC9495B78C}
	EndGlobalSection
EndGlobal
