Microsoft Visual Studio Solution File, Format Version 12.00
# Visual Studio Version 17
VisualStudioVersion = 17.0.32112.339
MinimumVisualStudioVersion = 10.0.40219.1
Project("{9A19103F-16F7-4668-BE54-9A1E7A4F7556}") = "Stride.CommunityToolkit", "src\Stride.CommunityToolkit\Stride.CommunityToolkit.csproj", "{BE6D2173-AC41-40BB-9F3C-D0AF85B7FE86}"
EndProject
Project("{9A19103F-16F7-4668-BE54-9A1E7A4F7556}") = "Stride.CommunityToolkit.Examples", "src\Stride.CommunityToolkit.Examples\Stride.CommunityToolkit.Examples.csproj", "{1706D82A-02A0-4093-9499-31BFA42FA727}"
EndProject
Project("{9A19103F-16F7-4668-BE54-9A1E7A4F7556}") = "Stride.CommunityToolkit.Docs", "docs\Stride.CommunityToolkit.Docs.csproj", "{A2BA8869-D347-4010-B446-08966F514AEF}"
EndProject
Project("{2150E333-8FDC-42A3-9474-1A3956D46DE8}") = "Solution Items", "Solution Items", "{C7B56428-8549-4A84-A549-2A721460BCA8}"
	ProjectSection(SolutionItems) = preProject
		src\CommonSettings.props = src\CommonSettings.props
		.github\dependabot.yml = .github\dependabot.yml
		Directory.Build.props = Directory.Build.props
		.github\workflows\dotnet-nuget.yml = .github\workflows\dotnet-nuget.yml
		.github\workflows\dotnet.yml = .github\workflows\dotnet.yml
		.github\workflows\github-pages.yml = .github\workflows\github-pages.yml
		README.md = README.md
		.github\release.yml = .github\release.yml
	EndProjectSection
EndProject
Project("{9A19103F-16F7-4668-BE54-9A1E7A4F7556}") = "Example01_Basic3DScene", "examples\code-only\Example01_Basic3DScene\Example01_Basic3DScene.csproj", "{D18A062B-5FCC-4ED2-879B-C4FDD9B8E295}"
EndProject
Project("{2150E333-8FDC-42A3-9474-1A3956D46DE8}") = "examples", "examples", "{30457B66-9E10-4290-9744-D0079DE0448B}"
EndProject
Project("{9A19103F-16F7-4668-BE54-9A1E7A4F7556}") = "Example02_GiveMeACube", "examples\code-only\Example02_GiveMeACube\Example02_GiveMeACube.csproj", "{624182EB-20D8-4176-9704-02BD2B6EA6ED}"
EndProject
Project("{9A19103F-16F7-4668-BE54-9A1E7A4F7556}") = "Example04_MyraUI", "examples\code-only\Example04_MyraUI\Example04_MyraUI.csproj", "{53070659-0936-46DD-86AB-3685AF7AD8AC}"
EndProject
Project("{9A19103F-16F7-4668-BE54-9A1E7A4F7556}") = "Example03_StrideUI_CapsuleAndWindow", "examples\code-only\Example03_StrideUI_CapsuleAndWindow\Example03_StrideUI_CapsuleAndWindow.csproj", "{3A424438-B172-4D84-B36C-2EFD53EE4A55}"
EndProject
Project("{6EC3EE1D-3C4E-46DD-8F32-0CC8E7565705}") = "Example01_Basic3DScene_FSharp", "examples\code-only\Example01_Basic3DScene_FSharp\Example01_Basic3DScene_FSharp.fsproj", "{80BE4FA1-5418-49F8-B628-64CAC42C29B0}"
EndProject
Project("{778DAE3C-4631-46EA-AA77-85C1314464D9}") = "Example01_Basic3DScene_VBasic", "examples\code-only\Example01_Basic3DScene_VBasic\Example01_Basic3DScene_VBasic.vbproj", "{5EF318FB-41AE-46D9-A2EA-0EE8EBA66A6C}"
EndProject
Project("{9A19103F-16F7-4668-BE54-9A1E7A4F7556}") = "Example05_ProceduralGeometry", "examples\code-only\Example05_ProceduralGeometry\Example05_ProceduralGeometry.csproj", "{A690C386-6CCE-40B8-B44B-838DB488ED35}"
EndProject
Project("{9A19103F-16F7-4668-BE54-9A1E7A4F7556}") = "Example_CubicleCalamity", "examples\code-only\Example_CubicleCalamity\Example_CubicleCalamity.csproj", "{FF85041F-6C26-4B47-BD73-708C869AB857}"
EndProject
Project("{9A19103F-16F7-4668-BE54-9A1E7A4F7556}") = "Example06_ImageProcessing", "examples\code-only\Example06_ImageProcessing\Example06_ImageProcessing.csproj", "{81A9A56B-DF91-4EA0-AFB5-D3D716854051}"
EndProject
Project("{9A19103F-16F7-4668-BE54-9A1E7A4F7556}") = "Example07_CubeClicker", "examples\code-only\Example07_CubeClicker\Example07_CubeClicker.csproj", "{9C625B12-6278-4C89-A153-00F80FCE38EA}"
EndProject
Project("{9A19103F-16F7-4668-BE54-9A1E7A4F7556}") = "Example01_Basic2DScene", "examples\code-only\Example01_Basic2DScene\Example01_Basic2DScene.csproj", "{5F34BDA3-17D6-4EEF-AE6B-52FAF988D7F7}"
EndProject
Project("{9A19103F-16F7-4668-BE54-9A1E7A4F7556}") = "Example08_DebugShapes", "examples\code-only\Example08_DebugShapes\Example08_DebugShapes.csproj", "{50AB85B4-CE39-43EF-87B7-B2E7AF182E8A}"
EndProject
Project("{9A19103F-16F7-4668-BE54-9A1E7A4F7556}") = "Example_2D_Playground", "examples\code-only\Example_2D_Playground\Example_2D_Playground.csproj", "{A2F5DF58-13FB-48D0-BFF1-0FE73D4847A4}"
EndProject
Project("{9A19103F-16F7-4668-BE54-9A1E7A4F7556}") = "Example_Bepu_Playground", "examples\code-only\Example_Bepu_Playground\Example_Bepu_Playground.csproj", "{D12C2C1E-9316-4C8D-B773-B84213AB4389}"
EndProject
Project("{9A19103F-16F7-4668-BE54-9A1E7A4F7556}") = "Example.Common", "examples\code-only\Example.Common\Example.Common.csproj", "{D2092F94-19E8-45CC-8B5F-DAE680A276AC}"
EndProject
Project("{9A19103F-16F7-4668-BE54-9A1E7A4F7556}") = "Stride.CommunityToolkit.Skyboxes", "src\Stride.CommunityToolkit.Skyboxes\Stride.CommunityToolkit.Skyboxes.csproj", "{423A1266-4A6D-425F-96CE-945A1802F711}"
EndProject
Project("{9A19103F-16F7-4668-BE54-9A1E7A4F7556}") = "Stride.CommunityToolkit.Windows", "src\Stride.CommunityToolkit.Windows\Stride.CommunityToolkit.Windows.csproj", "{E5E01EDB-524C-4FC2-951B-321E5D08C972}"
EndProject
Project("{9A19103F-16F7-4668-BE54-9A1E7A4F7556}") = "Stride.CommunityToolkit.Benchmarks", "src\Stride.CommunityToolkit.Benchmarks\Stride.CommunityToolkit.Benchmarks.csproj", "{42C6F222-9D1E-4B6E-81F9-E3FE504472D6}"
EndProject
Project("{9A19103F-16F7-4668-BE54-9A1E7A4F7556}") = "TextureMapping_Example01", "examples\snippets\TextureMapping_Example01\TextureMapping_Example01.csproj", "{6EC38B10-2FCB-48B1-A583-91FDD7C9A104}"
EndProject
Project("{2150E333-8FDC-42A3-9474-1A3956D46DE8}") = "snippets", "snippets", "{A9C673A6-1426-40DD-A060-B0749261DB7C}"
EndProject
Project("{9A19103F-16F7-4668-BE54-9A1E7A4F7556}") = "Easing_Example01", "examples\snippets\Easing_Example01\Easing_Example01.csproj", "{991716B1-BECA-4D4F-9438-1CC1686962AC}"
EndProject
Project("{9A19103F-16F7-4668-BE54-9A1E7A4F7556}") = "Physics_Example001", "examples\snippets\Physics_Example001\Physics_Example001.csproj", "{DE8458AC-2F74-428E-808F-C39EA986D110}"
EndProject
Project("{9A19103F-16F7-4668-BE54-9A1E7A4F7556}") = "Example09_Renderer", "examples\code-only\Example09_Renderer\Example09_Renderer.csproj", "{5996C17E-629C-4F58-88F9-494559EB4FBF}"
EndProject
Project("{9A19103F-16F7-4668-BE54-9A1E7A4F7556}") = "Stride.CommunityToolkit.ImGui", "src\Stride.CommunityToolkit.ImGui\Stride.CommunityToolkit.ImGui.csproj", "{43BB82C0-78B8-4DE9-8F14-0664973CCB7B}"
EndProject
Project("{9A19103F-16F7-4668-BE54-9A1E7A4F7556}") = "Example11_ImGui", "examples\code-only\Example11_ImGui\Example11_ImGui.csproj", "{EE31DB88-2FE2-45ED-B80F-76F0C1CB2008}"
EndProject
Project("{9A19103F-16F7-4668-BE54-9A1E7A4F7556}") = "Stride.CommunityToolkit.Bepu", "src\Stride.CommunityToolkit.Bepu\Stride.CommunityToolkit.Bepu.csproj", "{60A78B61-DCCC-4EBC-A617-234C54DFB9D4}"
EndProject
Project("{9A19103F-16F7-4668-BE54-9A1E7A4F7556}") = "Example12_Particles", "examples\code-only\Example12_Particles\Example12_Particles.csproj", "{8821704B-5698-4C9A-B05F-C18B7122DD8B}"
EndProject
Project("{FAE04EC0-301F-11D3-BF4B-00C04F79EFBC}") = "Example13_RootRendererShader", "examples\code-only\Example13_RootRendererShader\Example13_RootRendererShader.csproj", "{E8FA4D0B-D5B3-48B4-AFB5-CEF86BFF88BC}"
EndProject
Project("{FAE04EC0-301F-11D3-BF4B-00C04F79EFBC}") = "Stride.CommunityToolkit.Bullet", "src\Stride.CommunityToolkit.Bullet\Stride.CommunityToolkit.Bullet.csproj", "{648369C0-1090-4414-BCE1-D661CE85583F}"
EndProject
Project("{FAE04EC0-301F-11D3-BF4B-00C04F79EFBC}") = "Example01_Basic3DScene_BulletPhysics", "examples\code-only\Example01_Basic3DScene_BulletPhysics\Example01_Basic3DScene_BulletPhysics.csproj", "{F55B9EC1-1C44-4CFD-B151-F0F05DEB43EA}"
EndProject
Project("{FAE04EC0-301F-11D3-BF4B-00C04F79EFBC}") = "Stride.CommunityToolkit.DebugShapes", "src\Stride.CommunityToolkit.DebugShapes\Stride.CommunityToolkit.DebugShapes.csproj", "{11BB58D0-9592-424C-B9C9-71D545BFABBB}"
EndProject
Project("{FAE04EC0-301F-11D3-BF4B-00C04F79EFBC}") = "Example10_StrideUI_DragAndDrop", "examples\code-only\Example10_StrideUI_DragAndDrop\Example10_StrideUI_DragAndDrop.csproj", "{BD3BA6F3-9BE4-4EA7-B496-847AEDB6F3C1}"
EndProject
Project("{FAE04EC0-301F-11D3-BF4B-00C04F79EFBC}") = "Example10_StrideUI_DragAndDrop_BulletPhysics", "examples\code-only\Example10_StrideUI_DragAndDrop_BulletPhysics\Example10_StrideUI_DragAndDrop_BulletPhysics.csproj", "{A8DBD6E0-47F3-4CAC-A5F9-DA6E4AB78726}"
EndProject
Project("{FAE04EC0-301F-11D3-BF4B-00C04F79EFBC}") = "Example14_Raycast", "examples\code-only\Example14_Raycast\Example14_Raycast.csproj", "{B442A84F-737B-45CC-B2DE-89495E2FDDBC}"
EndProject
Project("{FAE04EC0-301F-11D3-BF4B-00C04F79EFBC}") = "Example15_Constraint", "examples\code-only\Example15_Constraint\Example15_Constraint.csproj", "{490BB399-8A47-43C7-9D8C-7D7DF900CB50}"
EndProject
Project("{FAE04EC0-301F-11D3-BF4B-00C04F79EFBC}") = "Example01_Basic3DScene_MeshLine", "examples\code-only\Example01_Basic3DScene_MeshLine\Example01_Basic3DScene_MeshLine.csproj", "{24CE40E8-F42C-44E4-936F-86BB74CAFDBF}"
EndProject
Project("{FAE04EC0-301F-11D3-BF4B-00C04F79EFBC}") = "Example15_Constraint_Simple", "examples\code-only\Example15_Constraint_Simple\Example15_Constraint_Simple.csproj", "{BCD5396A-A2E8-4383-BE0E-26ED3CAF7961}"
EndProject
Project("{FAE04EC0-301F-11D3-BF4B-00C04F79EFBC}") = "Example01_Material", "examples\code-only\Example01_Material\Example01_Material.csproj", "{90E859C7-EB5E-4423-85F4-7B65FEAF5B5E}"
EndProject
Project("{FAE04EC0-301F-11D3-BF4B-00C04F79EFBC}") = "Example16_CollisionLayer", "examples\code-only\Example16_CollisionLayer\Example16_CollisionLayer.csproj", "{6A36FE98-B0C2-946A-E4B4-955533489DE2}"
EndProject
Project("{FAE04EC0-301F-11D3-BF4B-00C04F79EFBC}") = "Example16_CollisionGroup", "examples\code-only\Example16_CollisionGroup\Example16_CollisionGroup.csproj", "{94AED8E3-940E-141E-91BC-40E3684C764C}"
EndProject
Project("{FAE04EC0-301F-11D3-BF4B-00C04F79EFBC}") = "Example05_CylinderMesh", "examples\code-only\Example05_CylinderMesh\Example05_CylinderMesh.csproj", "{B434E827-72A7-47EA-AE63-4613CF45EDDD}"
EndProject
Project("{FAE04EC0-301F-11D3-BF4B-00C04F79EFBC}") = "Example_CubicleCalamity_BulletPhysics", "examples\code-only\Example_CubicleCalamity_BulletPhysics\Example_CubicleCalamity_BulletPhysics.csproj", "{CBFB73FE-8B98-E226-8F99-881923C75C57}"
EndProject
Project("{F2A71F9B-5D33-465A-A702-920D77279786}") = "Example05_PartialTorus_FSharp", "examples\code-only\Example05_PartialTorus_FSharp\Example05_PartialTorus_FSharp.fsproj", "{6F8B6CD7-C771-46C8-B941-4A1A4479C2B1}"
EndProject
Project("{FAE04EC0-301F-11D3-BF4B-00C04F79EFBC}") = "Example05_PartialTorus", "examples\code-only\Example05_PartialTorus\Example05_PartialTorus.csproj", "{A17C4E37-FBC2-4A96-97E3-AB2A35AB1482}"
EndProject
Global
	GlobalSection(SolutionConfigurationPlatforms) = preSolution
		Debug|Any CPU = Debug|Any CPU
		Release|Any CPU = Release|Any CPU
	EndGlobalSection
	GlobalSection(ProjectConfigurationPlatforms) = postSolution
		{BE6D2173-AC41-40BB-9F3C-D0AF85B7FE86}.Debug|Any CPU.ActiveCfg = Debug|Any CPU
		{BE6D2173-AC41-40BB-9F3C-D0AF85B7FE86}.Debug|Any CPU.Build.0 = Debug|Any CPU
		{BE6D2173-AC41-40BB-9F3C-D0AF85B7FE86}.Release|Any CPU.ActiveCfg = Release|Any CPU
		{BE6D2173-AC41-40BB-9F3C-D0AF85B7FE86}.Release|Any CPU.Build.0 = Release|Any CPU
		{1706D82A-02A0-4093-9499-31BFA42FA727}.Debug|Any CPU.ActiveCfg = Debug|Any CPU
		{1706D82A-02A0-4093-9499-31BFA42FA727}.Debug|Any CPU.Build.0 = Debug|Any CPU
		{1706D82A-02A0-4093-9499-31BFA42FA727}.Release|Any CPU.ActiveCfg = Release|Any CPU
		{1706D82A-02A0-4093-9499-31BFA42FA727}.Release|Any CPU.Build.0 = Release|Any CPU
		{A2BA8869-D347-4010-B446-08966F514AEF}.Debug|Any CPU.ActiveCfg = Debug|Any CPU
		{A2BA8869-D347-4010-B446-08966F514AEF}.Release|Any CPU.ActiveCfg = Release|Any CPU
		{A2BA8869-D347-4010-B446-08966F514AEF}.Release|Any CPU.Build.0 = Release|Any CPU
		{D18A062B-5FCC-4ED2-879B-C4FDD9B8E295}.Debug|Any CPU.ActiveCfg = Debug|Any CPU
		{D18A062B-5FCC-4ED2-879B-C4FDD9B8E295}.Debug|Any CPU.Build.0 = Debug|Any CPU
		{D18A062B-5FCC-4ED2-879B-C4FDD9B8E295}.Release|Any CPU.ActiveCfg = Release|Any CPU
		{D18A062B-5FCC-4ED2-879B-C4FDD9B8E295}.Release|Any CPU.Build.0 = Release|Any CPU
		{624182EB-20D8-4176-9704-02BD2B6EA6ED}.Debug|Any CPU.ActiveCfg = Debug|Any CPU
		{624182EB-20D8-4176-9704-02BD2B6EA6ED}.Debug|Any CPU.Build.0 = Debug|Any CPU
		{624182EB-20D8-4176-9704-02BD2B6EA6ED}.Release|Any CPU.ActiveCfg = Release|Any CPU
		{624182EB-20D8-4176-9704-02BD2B6EA6ED}.Release|Any CPU.Build.0 = Release|Any CPU
		{53070659-0936-46DD-86AB-3685AF7AD8AC}.Debug|Any CPU.ActiveCfg = Debug|Any CPU
		{53070659-0936-46DD-86AB-3685AF7AD8AC}.Debug|Any CPU.Build.0 = Debug|Any CPU
		{53070659-0936-46DD-86AB-3685AF7AD8AC}.Release|Any CPU.ActiveCfg = Release|Any CPU
		{53070659-0936-46DD-86AB-3685AF7AD8AC}.Release|Any CPU.Build.0 = Release|Any CPU
		{3A424438-B172-4D84-B36C-2EFD53EE4A55}.Debug|Any CPU.ActiveCfg = Debug|Any CPU
		{3A424438-B172-4D84-B36C-2EFD53EE4A55}.Debug|Any CPU.Build.0 = Debug|Any CPU
		{3A424438-B172-4D84-B36C-2EFD53EE4A55}.Release|Any CPU.ActiveCfg = Release|Any CPU
		{3A424438-B172-4D84-B36C-2EFD53EE4A55}.Release|Any CPU.Build.0 = Release|Any CPU
		{80BE4FA1-5418-49F8-B628-64CAC42C29B0}.Debug|Any CPU.ActiveCfg = Debug|Any CPU
		{80BE4FA1-5418-49F8-B628-64CAC42C29B0}.Debug|Any CPU.Build.0 = Debug|Any CPU
		{80BE4FA1-5418-49F8-B628-64CAC42C29B0}.Release|Any CPU.ActiveCfg = Release|Any CPU
		{80BE4FA1-5418-49F8-B628-64CAC42C29B0}.Release|Any CPU.Build.0 = Release|Any CPU
		{5EF318FB-41AE-46D9-A2EA-0EE8EBA66A6C}.Debug|Any CPU.ActiveCfg = Debug|Any CPU
		{5EF318FB-41AE-46D9-A2EA-0EE8EBA66A6C}.Debug|Any CPU.Build.0 = Debug|Any CPU
		{5EF318FB-41AE-46D9-A2EA-0EE8EBA66A6C}.Release|Any CPU.ActiveCfg = Release|Any CPU
		{5EF318FB-41AE-46D9-A2EA-0EE8EBA66A6C}.Release|Any CPU.Build.0 = Release|Any CPU
		{A690C386-6CCE-40B8-B44B-838DB488ED35}.Debug|Any CPU.ActiveCfg = Debug|Any CPU
		{A690C386-6CCE-40B8-B44B-838DB488ED35}.Debug|Any CPU.Build.0 = Debug|Any CPU
		{A690C386-6CCE-40B8-B44B-838DB488ED35}.Release|Any CPU.ActiveCfg = Release|Any CPU
		{A690C386-6CCE-40B8-B44B-838DB488ED35}.Release|Any CPU.Build.0 = Release|Any CPU
		{FF85041F-6C26-4B47-BD73-708C869AB857}.Debug|Any CPU.ActiveCfg = Debug|Any CPU
		{FF85041F-6C26-4B47-BD73-708C869AB857}.Debug|Any CPU.Build.0 = Debug|Any CPU
		{FF85041F-6C26-4B47-BD73-708C869AB857}.Release|Any CPU.ActiveCfg = Release|Any CPU
		{FF85041F-6C26-4B47-BD73-708C869AB857}.Release|Any CPU.Build.0 = Release|Any CPU
		{81A9A56B-DF91-4EA0-AFB5-D3D716854051}.Debug|Any CPU.ActiveCfg = Debug|Any CPU
		{81A9A56B-DF91-4EA0-AFB5-D3D716854051}.Debug|Any CPU.Build.0 = Debug|Any CPU
		{81A9A56B-DF91-4EA0-AFB5-D3D716854051}.Release|Any CPU.ActiveCfg = Release|Any CPU
		{81A9A56B-DF91-4EA0-AFB5-D3D716854051}.Release|Any CPU.Build.0 = Release|Any CPU
		{9C625B12-6278-4C89-A153-00F80FCE38EA}.Debug|Any CPU.ActiveCfg = Debug|Any CPU
		{9C625B12-6278-4C89-A153-00F80FCE38EA}.Debug|Any CPU.Build.0 = Debug|Any CPU
		{9C625B12-6278-4C89-A153-00F80FCE38EA}.Release|Any CPU.ActiveCfg = Release|Any CPU
		{9C625B12-6278-4C89-A153-00F80FCE38EA}.Release|Any CPU.Build.0 = Release|Any CPU
		{5F34BDA3-17D6-4EEF-AE6B-52FAF988D7F7}.Debug|Any CPU.ActiveCfg = Debug|Any CPU
		{5F34BDA3-17D6-4EEF-AE6B-52FAF988D7F7}.Debug|Any CPU.Build.0 = Debug|Any CPU
		{5F34BDA3-17D6-4EEF-AE6B-52FAF988D7F7}.Release|Any CPU.ActiveCfg = Release|Any CPU
		{5F34BDA3-17D6-4EEF-AE6B-52FAF988D7F7}.Release|Any CPU.Build.0 = Release|Any CPU
		{50AB85B4-CE39-43EF-87B7-B2E7AF182E8A}.Debug|Any CPU.ActiveCfg = Debug|Any CPU
		{50AB85B4-CE39-43EF-87B7-B2E7AF182E8A}.Debug|Any CPU.Build.0 = Debug|Any CPU
		{50AB85B4-CE39-43EF-87B7-B2E7AF182E8A}.Release|Any CPU.ActiveCfg = Release|Any CPU
		{50AB85B4-CE39-43EF-87B7-B2E7AF182E8A}.Release|Any CPU.Build.0 = Release|Any CPU
		{A2F5DF58-13FB-48D0-BFF1-0FE73D4847A4}.Debug|Any CPU.ActiveCfg = Debug|Any CPU
		{A2F5DF58-13FB-48D0-BFF1-0FE73D4847A4}.Debug|Any CPU.Build.0 = Debug|Any CPU
		{A2F5DF58-13FB-48D0-BFF1-0FE73D4847A4}.Release|Any CPU.ActiveCfg = Release|Any CPU
		{A2F5DF58-13FB-48D0-BFF1-0FE73D4847A4}.Release|Any CPU.Build.0 = Release|Any CPU
		{D12C2C1E-9316-4C8D-B773-B84213AB4389}.Debug|Any CPU.ActiveCfg = Debug|Any CPU
		{D12C2C1E-9316-4C8D-B773-B84213AB4389}.Debug|Any CPU.Build.0 = Debug|Any CPU
		{D12C2C1E-9316-4C8D-B773-B84213AB4389}.Release|Any CPU.ActiveCfg = Release|Any CPU
		{D12C2C1E-9316-4C8D-B773-B84213AB4389}.Release|Any CPU.Build.0 = Release|Any CPU
		{D2092F94-19E8-45CC-8B5F-DAE680A276AC}.Debug|Any CPU.ActiveCfg = Debug|Any CPU
		{D2092F94-19E8-45CC-8B5F-DAE680A276AC}.Debug|Any CPU.Build.0 = Debug|Any CPU
		{D2092F94-19E8-45CC-8B5F-DAE680A276AC}.Release|Any CPU.ActiveCfg = Release|Any CPU
		{D2092F94-19E8-45CC-8B5F-DAE680A276AC}.Release|Any CPU.Build.0 = Release|Any CPU
		{423A1266-4A6D-425F-96CE-945A1802F711}.Debug|Any CPU.ActiveCfg = Debug|Any CPU
		{423A1266-4A6D-425F-96CE-945A1802F711}.Debug|Any CPU.Build.0 = Debug|Any CPU
		{423A1266-4A6D-425F-96CE-945A1802F711}.Release|Any CPU.ActiveCfg = Release|Any CPU
		{423A1266-4A6D-425F-96CE-945A1802F711}.Release|Any CPU.Build.0 = Release|Any CPU
		{E5E01EDB-524C-4FC2-951B-321E5D08C972}.Debug|Any CPU.ActiveCfg = Debug|Any CPU
		{E5E01EDB-524C-4FC2-951B-321E5D08C972}.Debug|Any CPU.Build.0 = Debug|Any CPU
		{E5E01EDB-524C-4FC2-951B-321E5D08C972}.Release|Any CPU.ActiveCfg = Release|Any CPU
		{E5E01EDB-524C-4FC2-951B-321E5D08C972}.Release|Any CPU.Build.0 = Release|Any CPU
		{42C6F222-9D1E-4B6E-81F9-E3FE504472D6}.Debug|Any CPU.ActiveCfg = Debug|Any CPU
		{42C6F222-9D1E-4B6E-81F9-E3FE504472D6}.Debug|Any CPU.Build.0 = Debug|Any CPU
		{42C6F222-9D1E-4B6E-81F9-E3FE504472D6}.Release|Any CPU.ActiveCfg = Release|Any CPU
		{42C6F222-9D1E-4B6E-81F9-E3FE504472D6}.Release|Any CPU.Build.0 = Release|Any CPU
		{6EC38B10-2FCB-48B1-A583-91FDD7C9A104}.Debug|Any CPU.ActiveCfg = Debug|Any CPU
		{6EC38B10-2FCB-48B1-A583-91FDD7C9A104}.Debug|Any CPU.Build.0 = Debug|Any CPU
		{6EC38B10-2FCB-48B1-A583-91FDD7C9A104}.Release|Any CPU.ActiveCfg = Release|Any CPU
		{6EC38B10-2FCB-48B1-A583-91FDD7C9A104}.Release|Any CPU.Build.0 = Release|Any CPU
		{991716B1-BECA-4D4F-9438-1CC1686962AC}.Debug|Any CPU.ActiveCfg = Debug|Any CPU
		{991716B1-BECA-4D4F-9438-1CC1686962AC}.Debug|Any CPU.Build.0 = Debug|Any CPU
		{991716B1-BECA-4D4F-9438-1CC1686962AC}.Release|Any CPU.ActiveCfg = Release|Any CPU
		{991716B1-BECA-4D4F-9438-1CC1686962AC}.Release|Any CPU.Build.0 = Release|Any CPU
		{DE8458AC-2F74-428E-808F-C39EA986D110}.Debug|Any CPU.ActiveCfg = Debug|Any CPU
		{DE8458AC-2F74-428E-808F-C39EA986D110}.Debug|Any CPU.Build.0 = Debug|Any CPU
		{DE8458AC-2F74-428E-808F-C39EA986D110}.Release|Any CPU.ActiveCfg = Release|Any CPU
		{DE8458AC-2F74-428E-808F-C39EA986D110}.Release|Any CPU.Build.0 = Release|Any CPU
		{5996C17E-629C-4F58-88F9-494559EB4FBF}.Debug|Any CPU.ActiveCfg = Debug|Any CPU
		{5996C17E-629C-4F58-88F9-494559EB4FBF}.Debug|Any CPU.Build.0 = Debug|Any CPU
		{5996C17E-629C-4F58-88F9-494559EB4FBF}.Release|Any CPU.ActiveCfg = Release|Any CPU
		{5996C17E-629C-4F58-88F9-494559EB4FBF}.Release|Any CPU.Build.0 = Release|Any CPU
		{43BB82C0-78B8-4DE9-8F14-0664973CCB7B}.Debug|Any CPU.ActiveCfg = Debug|Any CPU
		{43BB82C0-78B8-4DE9-8F14-0664973CCB7B}.Debug|Any CPU.Build.0 = Debug|Any CPU
		{43BB82C0-78B8-4DE9-8F14-0664973CCB7B}.Release|Any CPU.ActiveCfg = Release|Any CPU
		{43BB82C0-78B8-4DE9-8F14-0664973CCB7B}.Release|Any CPU.Build.0 = Release|Any CPU
		{EE31DB88-2FE2-45ED-B80F-76F0C1CB2008}.Debug|Any CPU.ActiveCfg = Debug|Any CPU
		{EE31DB88-2FE2-45ED-B80F-76F0C1CB2008}.Debug|Any CPU.Build.0 = Debug|Any CPU
		{EE31DB88-2FE2-45ED-B80F-76F0C1CB2008}.Release|Any CPU.ActiveCfg = Release|Any CPU
		{EE31DB88-2FE2-45ED-B80F-76F0C1CB2008}.Release|Any CPU.Build.0 = Release|Any CPU
		{60A78B61-DCCC-4EBC-A617-234C54DFB9D4}.Debug|Any CPU.ActiveCfg = Debug|Any CPU
		{60A78B61-DCCC-4EBC-A617-234C54DFB9D4}.Debug|Any CPU.Build.0 = Debug|Any CPU
		{60A78B61-DCCC-4EBC-A617-234C54DFB9D4}.Release|Any CPU.ActiveCfg = Release|Any CPU
		{60A78B61-DCCC-4EBC-A617-234C54DFB9D4}.Release|Any CPU.Build.0 = Release|Any CPU
		{8821704B-5698-4C9A-B05F-C18B7122DD8B}.Debug|Any CPU.ActiveCfg = Debug|Any CPU
		{8821704B-5698-4C9A-B05F-C18B7122DD8B}.Debug|Any CPU.Build.0 = Debug|Any CPU
		{8821704B-5698-4C9A-B05F-C18B7122DD8B}.Release|Any CPU.ActiveCfg = Release|Any CPU
		{8821704B-5698-4C9A-B05F-C18B7122DD8B}.Release|Any CPU.Build.0 = Release|Any CPU
		{E8FA4D0B-D5B3-48B4-AFB5-CEF86BFF88BC}.Debug|Any CPU.ActiveCfg = Debug|Any CPU
		{E8FA4D0B-D5B3-48B4-AFB5-CEF86BFF88BC}.Debug|Any CPU.Build.0 = Debug|Any CPU
		{E8FA4D0B-D5B3-48B4-AFB5-CEF86BFF88BC}.Release|Any CPU.ActiveCfg = Release|Any CPU
		{E8FA4D0B-D5B3-48B4-AFB5-CEF86BFF88BC}.Release|Any CPU.Build.0 = Release|Any CPU
		{648369C0-1090-4414-BCE1-D661CE85583F}.Debug|Any CPU.ActiveCfg = Debug|Any CPU
		{648369C0-1090-4414-BCE1-D661CE85583F}.Debug|Any CPU.Build.0 = Debug|Any CPU
		{648369C0-1090-4414-BCE1-D661CE85583F}.Release|Any CPU.ActiveCfg = Release|Any CPU
		{648369C0-1090-4414-BCE1-D661CE85583F}.Release|Any CPU.Build.0 = Release|Any CPU
		{F55B9EC1-1C44-4CFD-B151-F0F05DEB43EA}.Debug|Any CPU.ActiveCfg = Debug|Any CPU
		{F55B9EC1-1C44-4CFD-B151-F0F05DEB43EA}.Debug|Any CPU.Build.0 = Debug|Any CPU
		{F55B9EC1-1C44-4CFD-B151-F0F05DEB43EA}.Release|Any CPU.ActiveCfg = Release|Any CPU
		{F55B9EC1-1C44-4CFD-B151-F0F05DEB43EA}.Release|Any CPU.Build.0 = Release|Any CPU
		{11BB58D0-9592-424C-B9C9-71D545BFABBB}.Debug|Any CPU.ActiveCfg = Debug|Any CPU
		{11BB58D0-9592-424C-B9C9-71D545BFABBB}.Debug|Any CPU.Build.0 = Debug|Any CPU
		{11BB58D0-9592-424C-B9C9-71D545BFABBB}.Release|Any CPU.ActiveCfg = Release|Any CPU
		{11BB58D0-9592-424C-B9C9-71D545BFABBB}.Release|Any CPU.Build.0 = Release|Any CPU
		{BD3BA6F3-9BE4-4EA7-B496-847AEDB6F3C1}.Debug|Any CPU.ActiveCfg = Debug|Any CPU
		{BD3BA6F3-9BE4-4EA7-B496-847AEDB6F3C1}.Debug|Any CPU.Build.0 = Debug|Any CPU
		{BD3BA6F3-9BE4-4EA7-B496-847AEDB6F3C1}.Release|Any CPU.ActiveCfg = Release|Any CPU
		{BD3BA6F3-9BE4-4EA7-B496-847AEDB6F3C1}.Release|Any CPU.Build.0 = Release|Any CPU
		{A8DBD6E0-47F3-4CAC-A5F9-DA6E4AB78726}.Debug|Any CPU.ActiveCfg = Debug|Any CPU
		{A8DBD6E0-47F3-4CAC-A5F9-DA6E4AB78726}.Debug|Any CPU.Build.0 = Debug|Any CPU
		{A8DBD6E0-47F3-4CAC-A5F9-DA6E4AB78726}.Release|Any CPU.ActiveCfg = Release|Any CPU
		{A8DBD6E0-47F3-4CAC-A5F9-DA6E4AB78726}.Release|Any CPU.Build.0 = Release|Any CPU
		{B442A84F-737B-45CC-B2DE-89495E2FDDBC}.Debug|Any CPU.ActiveCfg = Debug|Any CPU
		{B442A84F-737B-45CC-B2DE-89495E2FDDBC}.Debug|Any CPU.Build.0 = Debug|Any CPU
		{B442A84F-737B-45CC-B2DE-89495E2FDDBC}.Release|Any CPU.ActiveCfg = Release|Any CPU
		{B442A84F-737B-45CC-B2DE-89495E2FDDBC}.Release|Any CPU.Build.0 = Release|Any CPU
		{490BB399-8A47-43C7-9D8C-7D7DF900CB50}.Debug|Any CPU.ActiveCfg = Debug|Any CPU
		{490BB399-8A47-43C7-9D8C-7D7DF900CB50}.Debug|Any CPU.Build.0 = Debug|Any CPU
		{490BB399-8A47-43C7-9D8C-7D7DF900CB50}.Release|Any CPU.ActiveCfg = Release|Any CPU
		{490BB399-8A47-43C7-9D8C-7D7DF900CB50}.Release|Any CPU.Build.0 = Release|Any CPU
		{24CE40E8-F42C-44E4-936F-86BB74CAFDBF}.Debug|Any CPU.ActiveCfg = Debug|Any CPU
		{24CE40E8-F42C-44E4-936F-86BB74CAFDBF}.Debug|Any CPU.Build.0 = Debug|Any CPU
		{24CE40E8-F42C-44E4-936F-86BB74CAFDBF}.Release|Any CPU.ActiveCfg = Release|Any CPU
		{24CE40E8-F42C-44E4-936F-86BB74CAFDBF}.Release|Any CPU.Build.0 = Release|Any CPU
		{BCD5396A-A2E8-4383-BE0E-26ED3CAF7961}.Debug|Any CPU.ActiveCfg = Debug|Any CPU
		{BCD5396A-A2E8-4383-BE0E-26ED3CAF7961}.Debug|Any CPU.Build.0 = Debug|Any CPU
		{BCD5396A-A2E8-4383-BE0E-26ED3CAF7961}.Release|Any CPU.ActiveCfg = Release|Any CPU
		{BCD5396A-A2E8-4383-BE0E-26ED3CAF7961}.Release|Any CPU.Build.0 = Release|Any CPU
		{90E859C7-EB5E-4423-85F4-7B65FEAF5B5E}.Debug|Any CPU.ActiveCfg = Debug|Any CPU
		{90E859C7-EB5E-4423-85F4-7B65FEAF5B5E}.Debug|Any CPU.Build.0 = Debug|Any CPU
		{90E859C7-EB5E-4423-85F4-7B65FEAF5B5E}.Release|Any CPU.ActiveCfg = Release|Any CPU
		{90E859C7-EB5E-4423-85F4-7B65FEAF5B5E}.Release|Any CPU.Build.0 = Release|Any CPU
		{6A36FE98-B0C2-946A-E4B4-955533489DE2}.Debug|Any CPU.ActiveCfg = Debug|Any CPU
		{6A36FE98-B0C2-946A-E4B4-955533489DE2}.Debug|Any CPU.Build.0 = Debug|Any CPU
		{6A36FE98-B0C2-946A-E4B4-955533489DE2}.Release|Any CPU.ActiveCfg = Release|Any CPU
		{6A36FE98-B0C2-946A-E4B4-955533489DE2}.Release|Any CPU.Build.0 = Release|Any CPU
		{94AED8E3-940E-141E-91BC-40E3684C764C}.Debug|Any CPU.ActiveCfg = Debug|Any CPU
		{94AED8E3-940E-141E-91BC-40E3684C764C}.Debug|Any CPU.Build.0 = Debug|Any CPU
		{94AED8E3-940E-141E-91BC-40E3684C764C}.Release|Any CPU.ActiveCfg = Release|Any CPU
		{94AED8E3-940E-141E-91BC-40E3684C764C}.Release|Any CPU.Build.0 = Release|Any CPU
		{B434E827-72A7-47EA-AE63-4613CF45EDDD}.Debug|Any CPU.ActiveCfg = Debug|Any CPU
		{B434E827-72A7-47EA-AE63-4613CF45EDDD}.Debug|Any CPU.Build.0 = Debug|Any CPU
		{B434E827-72A7-47EA-AE63-4613CF45EDDD}.Release|Any CPU.ActiveCfg = Release|Any CPU
		{B434E827-72A7-47EA-AE63-4613CF45EDDD}.Release|Any CPU.Build.0 = Release|Any CPU
		{CBFB73FE-8B98-E226-8F99-881923C75C57}.Debug|Any CPU.ActiveCfg = Debug|Any CPU
		{CBFB73FE-8B98-E226-8F99-881923C75C57}.Debug|Any CPU.Build.0 = Debug|Any CPU
		{CBFB73FE-8B98-E226-8F99-881923C75C57}.Release|Any CPU.ActiveCfg = Release|Any CPU
		{CBFB73FE-8B98-E226-8F99-881923C75C57}.Release|Any CPU.Build.0 = Release|Any CPU
		{6F8B6CD7-C771-46C8-B941-4A1A4479C2B1}.Debug|Any CPU.ActiveCfg = Debug|Any CPU
		{6F8B6CD7-C771-46C8-B941-4A1A4479C2B1}.Debug|Any CPU.Build.0 = Debug|Any CPU
		{6F8B6CD7-C771-46C8-B941-4A1A4479C2B1}.Release|Any CPU.ActiveCfg = Release|Any CPU
		{6F8B6CD7-C771-46C8-B941-4A1A4479C2B1}.Release|Any CPU.Build.0 = Release|Any CPU
		{A17C4E37-FBC2-4A96-97E3-AB2A35AB1482}.Debug|Any CPU.ActiveCfg = Debug|Any CPU
		{A17C4E37-FBC2-4A96-97E3-AB2A35AB1482}.Debug|Any CPU.Build.0 = Debug|Any CPU
		{A17C4E37-FBC2-4A96-97E3-AB2A35AB1482}.Release|Any CPU.ActiveCfg = Release|Any CPU
		{A17C4E37-FBC2-4A96-97E3-AB2A35AB1482}.Release|Any CPU.Build.0 = Release|Any CPU
	EndGlobalSection
	GlobalSection(SolutionProperties) = preSolution
		HideSolutionNode = FALSE
	EndGlobalSection
	GlobalSection(NestedProjects) = preSolution
		{D18A062B-5FCC-4ED2-879B-C4FDD9B8E295} = {30457B66-9E10-4290-9744-D0079DE0448B}
		{624182EB-20D8-4176-9704-02BD2B6EA6ED} = {30457B66-9E10-4290-9744-D0079DE0448B}
		{53070659-0936-46DD-86AB-3685AF7AD8AC} = {30457B66-9E10-4290-9744-D0079DE0448B}
		{3A424438-B172-4D84-B36C-2EFD53EE4A55} = {30457B66-9E10-4290-9744-D0079DE0448B}
		{80BE4FA1-5418-49F8-B628-64CAC42C29B0} = {30457B66-9E10-4290-9744-D0079DE0448B}
		{5EF318FB-41AE-46D9-A2EA-0EE8EBA66A6C} = {30457B66-9E10-4290-9744-D0079DE0448B}
		{A690C386-6CCE-40B8-B44B-838DB488ED35} = {30457B66-9E10-4290-9744-D0079DE0448B}
		{FF85041F-6C26-4B47-BD73-708C869AB857} = {30457B66-9E10-4290-9744-D0079DE0448B}
		{81A9A56B-DF91-4EA0-AFB5-D3D716854051} = {30457B66-9E10-4290-9744-D0079DE0448B}
		{9C625B12-6278-4C89-A153-00F80FCE38EA} = {30457B66-9E10-4290-9744-D0079DE0448B}
		{5F34BDA3-17D6-4EEF-AE6B-52FAF988D7F7} = {30457B66-9E10-4290-9744-D0079DE0448B}
		{50AB85B4-CE39-43EF-87B7-B2E7AF182E8A} = {30457B66-9E10-4290-9744-D0079DE0448B}
		{A2F5DF58-13FB-48D0-BFF1-0FE73D4847A4} = {30457B66-9E10-4290-9744-D0079DE0448B}
		{D12C2C1E-9316-4C8D-B773-B84213AB4389} = {30457B66-9E10-4290-9744-D0079DE0448B}
		{D2092F94-19E8-45CC-8B5F-DAE680A276AC} = {30457B66-9E10-4290-9744-D0079DE0448B}
		{6EC38B10-2FCB-48B1-A583-91FDD7C9A104} = {A9C673A6-1426-40DD-A060-B0749261DB7C}
		{991716B1-BECA-4D4F-9438-1CC1686962AC} = {A9C673A6-1426-40DD-A060-B0749261DB7C}
		{DE8458AC-2F74-428E-808F-C39EA986D110} = {A9C673A6-1426-40DD-A060-B0749261DB7C}
		{5996C17E-629C-4F58-88F9-494559EB4FBF} = {30457B66-9E10-4290-9744-D0079DE0448B}
		{EE31DB88-2FE2-45ED-B80F-76F0C1CB2008} = {30457B66-9E10-4290-9744-D0079DE0448B}
		{8821704B-5698-4C9A-B05F-C18B7122DD8B} = {30457B66-9E10-4290-9744-D0079DE0448B}
		{E8FA4D0B-D5B3-48B4-AFB5-CEF86BFF88BC} = {30457B66-9E10-4290-9744-D0079DE0448B}
		{F55B9EC1-1C44-4CFD-B151-F0F05DEB43EA} = {30457B66-9E10-4290-9744-D0079DE0448B}
		{BD3BA6F3-9BE4-4EA7-B496-847AEDB6F3C1} = {30457B66-9E10-4290-9744-D0079DE0448B}
		{A8DBD6E0-47F3-4CAC-A5F9-DA6E4AB78726} = {30457B66-9E10-4290-9744-D0079DE0448B}
		{B442A84F-737B-45CC-B2DE-89495E2FDDBC} = {30457B66-9E10-4290-9744-D0079DE0448B}
		{490BB399-8A47-43C7-9D8C-7D7DF900CB50} = {30457B66-9E10-4290-9744-D0079DE0448B}
		{24CE40E8-F42C-44E4-936F-86BB74CAFDBF} = {30457B66-9E10-4290-9744-D0079DE0448B}
		{BCD5396A-A2E8-4383-BE0E-26ED3CAF7961} = {30457B66-9E10-4290-9744-D0079DE0448B}
		{90E859C7-EB5E-4423-85F4-7B65FEAF5B5E} = {30457B66-9E10-4290-9744-D0079DE0448B}
		{6A36FE98-B0C2-946A-E4B4-955533489DE2} = {30457B66-9E10-4290-9744-D0079DE0448B}
		{94AED8E3-940E-141E-91BC-40E3684C764C} = {30457B66-9E10-4290-9744-D0079DE0448B}
		{B434E827-72A7-47EA-AE63-4613CF45EDDD} = {30457B66-9E10-4290-9744-D0079DE0448B}
		{CBFB73FE-8B98-E226-8F99-881923C75C57} = {30457B66-9E10-4290-9744-D0079DE0448B}
		{6F8B6CD7-C771-46C8-B941-4A1A4479C2B1} = {30457B66-9E10-4290-9744-D0079DE0448B}
		{A17C4E37-FBC2-4A96-97E3-AB2A35AB1482} = {30457B66-9E10-4290-9744-D0079DE0448B}
	EndGlobalSection
	GlobalSection(ExtensibilityGlobals) = postSolution
		SolutionGuid = {C7A8C18E-C1F5-492F-8173-51EC9495B78C}
	EndGlobalSection
EndGlobal
