
Microsoft Visual Studio Solution File, Format Version 12.00
# Visual Studio Version 17
VisualStudioVersion = 17.0.32112.339
MinimumVisualStudioVersion = 10.0.40219.1
Project("{9A19103F-16F7-4668-BE54-9A1E7A4F7556}") = "Stride.GameDefaults", "src\Stride.GameDefaults\Stride.GameDefaults.csproj", "{D2A22BDA-128A-4DBC-BF1E-45E78D9AEEC1}"
EndProject
Global
	GlobalSection(SolutionConfigurationPlatforms) = preSolution
		Debug|Any CPU = Debug|Any CPU
		Release|Any CPU = Release|Any CPU
	EndGlobalSection
	GlobalSection(ProjectConfigurationPlatforms) = postSolution
		{D2A22BDA-128A-4DBC-BF1E-45E78D9AEEC1}.Debug|Any CPU.ActiveCfg = Debug|Any CPU
		{D2A22BDA-128A-4DBC-BF1E-45E78D9AEEC1}.Debug|Any CPU.Build.0 = Debug|Any CPU
		{D2A22BDA-128A-4DBC-BF1E-45E78D9AEEC1}.Release|Any CPU.ActiveCfg = Release|Any CPU
		{D2A22BDA-128A-4DBC-BF1E-45E78D9AEEC1}.Release|Any CPU.Build.0 = Release|Any CPU
	EndGlobalSection
	GlobalSection(SolutionProperties) = preSolution
		HideSolutionNode = FALSE
	EndGlobalSection
	GlobalSection(ExtensibilityGlobals) = postSolution
		SolutionGuid = {C7A8C18E-C1F5-492F-8173-51EC9495B78C}
	EndGlobalSection
EndGlobal
