<Solution>
  <Folder Name="/benchmarks/">
    <Project Path="benchmarks/Stride.CommunityToolkit.Benchmarks/Stride.CommunityToolkit.Benchmarks.csproj" />
  </Folder>
  <Folder Name="/examples/">
    <File Path="examples/code-only/README.md" />
    <Project Path="examples/code-only/Example.Common/Example.Common.csproj" />
    <Project Path="examples/code-only/Example01_Basic2DScene/Example01_Basic2DScene.csproj" />
    <Project Path="examples/code-only/Example01_Basic2DScene_BulletPhysics/Example01_Basic2DScene_BulletPhysics.csproj" />
    <Project Path="examples/code-only/Example01_Basic2DScene_DebugRender/Example01_Basic2DScene_DebugRender.csproj" />
    <Project Path="examples/code-only/Example01_Basic2DScene_FallingShapes/Example01_Basic2DScene_FallingShapes.csproj" />
    <Project Path="examples/code-only/Example01_Basic2DScene_Primitives/Example01_Basic2DScene_Primitives.csproj" />
    <Project Path="examples/code-only/Example01_Basic2DScene_SpawnMenu/Example01_Basic2DScene_SpawnMenu.csproj" />
    <Project Path="examples/code-only/Example01_Basic2DScene_StressPile/Example01_Basic2DScene_StressPile.csproj" Id="ecd38d72-a517-4abb-a465-e91b7a8d5c6b" />
    <Project Path="examples/code-only/Example01_Basic3DScene/Example01_Basic3DScene.csproj" />
    <Project Path="examples/code-only/Example01_Basic3DScene_BulletPhysics/Example01_Basic3DScene_BulletPhysics.csproj" />
    <Project Path="examples/code-only/Example01_Basic3DScene_DPI_Aware/Example01_Basic3DScene_DPI_Aware.csproj" />
    <Project Path="examples/code-only/Example01_Basic3DScene_FSharp/Example01_Basic3DScene_FSharp.fsproj" />
    <Project Path="examples/code-only/Example01_Basic3DScene_MeshLine/Example01_Basic3DScene_MeshLine.csproj" />
    <Project Path="examples/code-only/Example01_Basic3DScene_Primitives/Example01_Basic3DScene_Primitives.csproj" />
    <Project Path="examples/code-only/Example01_Basic3DScene_SyncScript/Example01_Basic3DScene_SyncScript.csproj" />
    <Project Path="examples/code-only/Example01_Basic3DScene_VBasic/Example01_Basic3DScene_VBasic.vbproj" />
    <Project Path="examples/code-only/Example01_Material/Example01_Material.csproj" />
    <Project Path="examples/code-only/Example02_GiveMeACube/Example02_GiveMeACube.csproj" />
    <Project Path="examples/code-only/Example02_GiveMeACube_SimulationUpdate/Example02_GiveMeACube_SimulationUpdate.csproj" />
    <Project Path="examples/code-only/Example03_StrideUI_CapsuleAndWindow/Example03_StrideUI_CapsuleAndWindow.csproj" />
    <Project Path="examples/code-only/Example04_MyraUI/Example04_MyraUI.csproj">
      <Build Solution="Debug|*" Project="false" />
    </Project>
    <Project Path="examples/code-only/Example05_CylinderMesh/Example05_CylinderMesh.csproj" />
    <Project Path="examples/code-only/Example05_PartialTorus/Example05_PartialTorus.csproj" />
    <Project Path="examples/code-only/Example05_PartialTorus_FSharp/Example05_PartialTorus_FSharp.fsproj" />
    <Project Path="examples/code-only/Example05_ProceduralGeometry/Example05_ProceduralGeometry.csproj" />
    <Project Path="examples/code-only/Example05_SimpleGeometry/Example05_SimpleGeometry.csproj" />
    <Project Path="examples/code-only/Example06_ImageProcessing/Example06_ImageProcessing.csproj" />
    <Project Path="examples/code-only/Example08_CollidableGizmo/Example08_CollidableGizmo.csproj" />
    <Project Path="examples/code-only/Example08_DebugRenderComponent/Example08_DebugRenderComponent.csproj" />
    <Project Path="examples/code-only/Example08_DebugShapes/Example08_DebugShapes.csproj" />
    <Project Path="examples/code-only/Example08_DebugShapes_Usage/Example08_DebugShapes_Usage.csproj" />
    <Project Path="examples/code-only/Example09_Renderer/Example09_Renderer.csproj" />
    <Project Path="examples/code-only/Example10_StrideUI_DragAndDrop/Example10_StrideUI_DragAndDrop.csproj" />
    <Project Path="examples/code-only/Example10_StrideUI_DragAndDrop_BulletPhysics/Example10_StrideUI_DragAndDrop_BulletPhysics.csproj" />
    <Project Path="examples/code-only/Example11_ImGui/Example11_ImGui.csproj" />
    <Project Path="examples/code-only/Example11_ImGuiNet/Example11_ImGuiNet.csproj" />
    <Project Path="examples/code-only/Example12_Particles/Example12_Particles.csproj" />
    <Project Path="examples/code-only/Example13_MeshOutline/Example13_MeshOutline.csproj" />
    <Project Path="examples/code-only/Example13_RootRendererShader/Example13_RootRendererShader.csproj" />
    <Project Path="examples/code-only/Example14_Raycast/Example14_Raycast.csproj" />
    <Project Path="examples/code-only/Example15_Constraint/Example15_Constraint.csproj" />
    <Project Path="examples/code-only/Example15_Constraint_Motors/Example15_Constraint_Motors.csproj" />
    <Project Path="examples/code-only/Example15_Constraint_Rope/Example15_Constraint_Rope.csproj" />
    <Project Path="examples/code-only/Example15_Constraint_Simple/Example15_Constraint_Simple.csproj" />
    <Project Path="examples/code-only/Example16_CollisionGroup/Example16_CollisionGroup.csproj" />
    <Project Path="examples/code-only/Example16_CollisionLayer/Example16_CollisionLayer.csproj" />
    <Project Path="examples/code-only/Example17_SignalR/Example17_SignalR.csproj" />
    <Project Path="examples/code-only/Example17_SignalR_Blazor/Example17_SignalR_Blazor.csproj" />
    <Project Path="examples/code-only/Example17_SignalR_Shared/Example17_SignalR_Shared.csproj" />
    <Project Path="examples/code-only/Example18_Box2DPhysics/Example18_Box2DPhysics.csproj" />
    <Project Path="examples/code-only/Example19_Jitter2Physics/Example19_Jitter2Physics.csproj" />
    <Project Path="examples/code-only/Example19_Jitter2Physics_Constraints/Example19_Jitter2Physics_Constraints.csproj" />
    <Project Path="examples/code-only/Example20_BepuFirstPersonCharacter/Example20_BepuFirstPersonCharacter.csproj" />
    <Project Path="examples/code-only/Example21_Instancing/Example21_Instancing.csproj" />
    <Project Path="examples/code-only/Example22_Instancing_EntityTransform/Example22_Instancing_EntityTransform.csproj" />
    <Project Path="examples/code-only/Example_2D_Playground/Example_2D_Playground.csproj" />
    <Project Path="examples/code-only/Example_Bepu_Playground/Example_Bepu_Playground.csproj" />
    <Project Path="examples/code-only/Example_CubicleCalamity/Example_CubicleCalamity.csproj" />
    <Project Path="examples/code-only/Example_CubicleCalamity_BulletPhysics/Example_CubicleCalamity_BulletPhysics.csproj" />
  </Folder>
  <Folder Name="/snippets/">
    <Project Path="examples/snippets/Easing_Example01/Easing_Example01.csproj" />
    <Project Path="examples/snippets/Physics_Example001/Physics_Example001.csproj" />
    <Project Path="examples/snippets/TextureMapping_Example01/TextureMapping_Example01.csproj" />
  </Folder>
  <Folder Name="/Solution Items/">
    <File Path=".github/copilot-instructions.md" />
    <File Path=".github/dependabot.yml" />
    <File Path=".github/git-commit-instructions.md" />
    <File Path=".github/release.yml" />
    <File Path=".github/workflows/dotnet-nuget.yml" />
    <File Path=".github/workflows/dotnet.yml" />
    <File Path=".github/workflows/github-pages.yml" />
    <File Path="Directory.Build.props" />
    <File Path="examples/code-only/Example01_Basic3DScene_FileBasedApp/Program.cs" />
    <File Path="examples/code-only/Example01_Basic3DScene_FileBasedApp/ProgramSimple.cs" />
    <File Path="README.md" />
    <File Path="src/CommonSettings.props" />
  </Folder>
  <Folder Name="/tests/">
    <Project Path="tests/Stride.CommunityToolkit.Tests/Stride.CommunityToolkit.Tests.csproj" />
  </Folder>
  <Folder Name="/tools/">
    <Project Path="tools/Stride.CommunityToolkit.Examples.MetadataGenerator/Stride.CommunityToolkit.Examples.MetadataGenerator.csproj" />
  </Folder>
  <Project Path="docs/Stride.CommunityToolkit.Docs.csproj">
    <Build Solution="Debug|*" Project="false" />
  </Project>
  <Project Path="src/Stride.CommunityToolkit.Bepu/Stride.CommunityToolkit.Bepu.csproj" />
  <Project Path="src/Stride.CommunityToolkit.Bullet/Stride.CommunityToolkit.Bullet.csproj" />
  <Project Path="src/Stride.CommunityToolkit.DebugShapes/Stride.CommunityToolkit.DebugShapes.csproj" />
  <Project Path="src/Stride.CommunityToolkit.ImGui/Stride.CommunityToolkit.ImGui.csproj" />
  <Project Path="src/Stride.CommunityToolkit.ImGuiNet/Stride.CommunityToolkit.ImGuiNet.csproj" />
  <Project Path="src/Stride.CommunityToolkit.Linux/Stride.CommunityToolkit.Linux.csproj" />
  <Project Path="src/Stride.CommunityToolkit.Skyboxes/Stride.CommunityToolkit.Skyboxes.csproj" />
  <Project Path="src/Stride.CommunityToolkit.Windows/Stride.CommunityToolkit.Windows.csproj" />
  <Project Path="src/Stride.CommunityToolkit/Stride.CommunityToolkit.csproj" />
  <Project Path="tools/Stride.CommunityToolkit.Examples.Launcher/Stride.CommunityToolkit.Examples.Launcher.csproj" />
  <Project Path="tools/Stride.CommunityToolkit.Examples/Stride.CommunityToolkit.Examples.csproj" />
</Solution>