
Microsoft Visual Studio Solution File, Format Version 12.00
# Visual Studio Version 17
VisualStudioVersion = 17.0.32112.339
MinimumVisualStudioVersion = 10.0.40219.1
Project("{9A19103F-16F7-4668-BE54-9A1E7A4F7556}") = "Stride.CommunityToolkit", "src\Stride.CommunityToolkit\Stride.CommunityToolkit.csproj", "{BE6D2173-AC41-40BB-9F3C-D0AF85B7FE86}"
EndProject
Project("{9A19103F-16F7-4668-BE54-9A1E7A4F7556}") = "Stride.CommunityToolkit.Examples", "src\Stride.CommunityToolkit.Examples\Stride.CommunityToolkit.Examples.csproj", "{1706D82A-02A0-4093-9499-31BFA42FA727}"
EndProject
Project("{9A19103F-16F7-4668-BE54-9A1E7A4F7556}") = "Stride.CommunityToolkit.Docs", "docs\Stride.CommunityToolkit.Docs.csproj", "{A2BA8869-D347-4010-B446-08966F514AEF}"
EndProject
Global
	GlobalSection(SolutionConfigurationPlatforms) = preSolution
		Debug|Any CPU = Debug|Any CPU
		Release|Any CPU = Release|Any CPU
	EndGlobalSection
	GlobalSection(ProjectConfigurationPlatforms) = postSolution
		{BE6D2173-AC41-40BB-9F3C-D0AF85B7FE86}.Debug|Any CPU.ActiveCfg = Debug|Any CPU
		{BE6D2173-AC41-40BB-9F3C-D0AF85B7FE86}.Debug|Any CPU.Build.0 = Debug|Any CPU
		{BE6D2173-AC41-40BB-9F3C-D0AF85B7FE86}.Release|Any CPU.ActiveCfg = Release|Any CPU
		{BE6D2173-AC41-40BB-9F3C-D0AF85B7FE86}.Release|Any CPU.Build.0 = Release|Any CPU
		{1706D82A-02A0-4093-9499-31BFA42FA727}.Debug|Any CPU.ActiveCfg = Debug|Any CPU
		{1706D82A-02A0-4093-9499-31BFA42FA727}.Debug|Any CPU.Build.0 = Debug|Any CPU
		{1706D82A-02A0-4093-9499-31BFA42FA727}.Release|Any CPU.ActiveCfg = Release|Any CPU
		{1706D82A-02A0-4093-9499-31BFA42FA727}.Release|Any CPU.Build.0 = Release|Any CPU
		{A2BA8869-D347-4010-B446-08966F514AEF}.Debug|Any CPU.ActiveCfg = Debug|Any CPU
		{A2BA8869-D347-4010-B446-08966F514AEF}.Release|Any CPU.ActiveCfg = Release|Any CPU
		{A2BA8869-D347-4010-B446-08966F514AEF}.Release|Any CPU.Build.0 = Release|Any CPU
	EndGlobalSection
	GlobalSection(SolutionProperties) = preSolution
		HideSolutionNode = FALSE
	EndGlobalSection
	GlobalSection(ExtensibilityGlobals) = postSolution
		SolutionGuid = {C7A8C18E-C1F5-492F-8173-51EC9495B78C}
	EndGlobalSection
EndGlobal
