<Solution>
  <Folder Name="/benchmarks/">
    <Project Path="benchmarks/Stride.CommunityToolkit.Benchmarks/Stride.CommunityToolkit.Benchmarks.csproj" />
  </Folder>
  <Folder Name="/examples/">
    <File Path="examples/code-only/README.md" />
    <Project Path="examples/code-only/E01_2D_BasicScene/E01_2D_BasicScene.csproj" />
    <Project Path="examples/code-only/E01_2D_BasicScene_Bullet/E01_2D_BasicScene_Bullet.csproj" />
    <Project Path="examples/code-only/E01_3D_BasicScene/E01_3D_BasicScene.csproj" />
    <Project Path="examples/code-only/E01_3D_BasicScene_Bullet/E01_3D_BasicScene_Bullet.csproj" />
    <Project Path="examples/code-only/E01_3D_BasicScene_EngineOnly/E01_3D_BasicScene_EngineOnly.csproj" />
    <Project Path="examples/code-only/E01_3D_BasicScene_FSharp/E01_3D_BasicScene_FSharp.fsproj" />
    <Project Path="examples/code-only/E01_3D_BasicScene_VisualBasic/E01_3D_BasicScene_VisualBasic.vbproj" />
    <Project Path="examples/code-only/E02_2D_Primitives/E02_2D_Primitives.csproj" />
    <Project Path="examples/code-only/E02_3D_GiveMeACube/E02_3D_GiveMeACube.csproj" />
    <Project Path="examples/code-only/E02_3D_GiveMeACube_SimulationUpdate/E02_3D_GiveMeACube_SimulationUpdate.csproj" />
    <Project Path="examples/code-only/E02_3D_Material/E02_3D_Material.csproj" />
    <Project Path="examples/code-only/E02_3D_Primitives/E02_3D_Primitives.csproj" />
    <Project Path="examples/code-only/E02_3D_SyncScript/E02_3D_SyncScript.csproj" />
    <Project Path="examples/code-only/E03_2D_HUD/E03_2D_HUD.csproj" />
    <Project Path="examples/code-only/E03_2D_Panels/E03_2D_Panels.csproj" />
    <Project Path="examples/code-only/E03_3D_EntityText/E03_3D_EntityText.csproj" />
    <Project Path="examples/code-only/E03_3D_MeshText/E03_3D_MeshText.csproj" />
    <Project Path="examples/code-only/E03_3D_WorldText/E03_3D_WorldText.csproj" />
    <Project Path="examples/code-only/E04_2D_SpawnMenu/E04_2D_SpawnMenu.csproj" />
    <Project Path="examples/code-only/E04_CubeClicker/E04_CubeClicker.csproj" />
    <Project Path="examples/code-only/E04_GumUI/E04_GumUI.csproj" />
    <Project Path="examples/code-only/E04_ImGui/E04_ImGui.csproj" />
    <Project Path="examples/code-only/E04_ImGuiNet/E04_ImGuiNet.csproj" />
    <Project Path="examples/code-only/E04_Myra_DraggableWindow/E04_Myra_DraggableWindow.csproj">
      <Build Solution="Debug|*" Project="false" />
    </Project>
    <Project Path="examples/code-only/E04_StrideUI_BasicWindow/E04_StrideUI_BasicWindow.csproj" />
    <Project Path="examples/code-only/E04_StrideUI_ButtonHoverAnimation/E04_StrideUI_ButtonHoverAnimation.csproj" />
    <Project Path="examples/code-only/E04_StrideUI_DragAndDrop/E04_StrideUI_DragAndDrop.csproj" />
    <Project Path="examples/code-only/E04_StrideUI_DragAndDrop_Bullet/E04_StrideUI_DragAndDrop_Bullet.csproj" />
    <Project Path="examples/code-only/E05_2D_FallingShapes/E05_2D_FallingShapes.csproj" />
    <Project Path="examples/code-only/E05_3D_Car/E05_3D_Car.csproj" />
    <Project Path="examples/code-only/E05_3D_Cloth/E05_3D_Cloth.csproj" />
    <Project Path="examples/code-only/E05_3D_CollisionGroup/E05_3D_CollisionGroup.csproj" />
    <Project Path="examples/code-only/E05_3D_CollisionLayer/E05_3D_CollisionLayer.csproj" />
    <Project Path="examples/code-only/E05_3D_Constraints/E05_3D_Constraints.csproj" />
    <Project Path="examples/code-only/E05_3D_Constraints_Motors/E05_3D_Constraints_Motors.csproj" />
    <Project Path="examples/code-only/E05_3D_Constraints_Rope/E05_3D_Constraints_Rope.csproj" />
    <Project Path="examples/code-only/E05_3D_Constraints_Simple/E05_3D_Constraints_Simple.csproj" />
    <Project Path="examples/code-only/E05_3D_FirstPersonCharacter/E05_3D_FirstPersonCharacter.csproj" />
    <Project Path="examples/code-only/E05_3D_Grabber/E05_3D_Grabber.csproj" />
    <Project Path="examples/code-only/E05_3D_MultipleSimulations/E05_3D_MultipleSimulations.csproj" />
    <Project Path="examples/code-only/E05_3D_Raycast/E05_3D_Raycast.csproj" />
    <Project Path="examples/code-only/E06_Box2D/E06_Box2D.csproj" />
    <Project Path="examples/code-only/E06_Box2D_Car/E06_Box2D_Car.csproj" />
    <Project Path="examples/code-only/E06_Box2D_CharacterMover/E06_Box2D_CharacterMover.csproj" />
    <Project Path="examples/code-only/E06_Box2D_Explosion/E06_Box2D_Explosion.csproj" />
    <Project Path="examples/code-only/E06_Box2D_Joints/E06_Box2D_Joints.csproj" />
    <Project Path="examples/code-only/E06_Box2D_Junkyard/E06_Box2D_Junkyard.csproj" Id="53e844c7-8e4e-45f2-8639-1d3d7b054825" />
    <Project Path="examples/code-only/E06_Box2D_JunkyardInteractive/E06_Box2D_JunkyardInteractive.csproj" />
    <Project Path="examples/code-only/E06_Jitter2/E06_Jitter2.csproj" />
    <Project Path="examples/code-only/E06_Jitter2_ConstrainedTo2D/E06_Jitter2_ConstrainedTo2D.csproj" />
    <Project Path="examples/code-only/E07_3D_CylinderMesh/E07_3D_CylinderMesh.csproj" />
    <Project Path="examples/code-only/E07_3D_MeshLine/E07_3D_MeshLine.csproj" />
    <Project Path="examples/code-only/E07_3D_PartialTorus/E07_3D_PartialTorus.csproj" />
    <Project Path="examples/code-only/E07_3D_PartialTorus_FSharp/E07_3D_PartialTorus_FSharp.fsproj" />
    <Project Path="examples/code-only/E07_3D_ProceduralGeometry/E07_3D_ProceduralGeometry.csproj" />
    <Project Path="examples/code-only/E07_3D_SimpleGeometry/E07_3D_SimpleGeometry.csproj" />
    <Project Path="examples/code-only/E08_2D_DebugRender/E08_2D_DebugRender.csproj" />
    <Project Path="examples/code-only/E08_3D_CollidableGizmo/E08_3D_CollidableGizmo.csproj" />
    <Project Path="examples/code-only/E08_3D_DebugRenderComponent/E08_3D_DebugRenderComponent.csproj" />
    <Project Path="examples/code-only/E08_3D_DebugShapes/E08_3D_DebugShapes.csproj" />
    <Project Path="examples/code-only/E08_3D_DebugShapes_QuickStart/E08_3D_DebugShapes_QuickStart.csproj" />
    <Project Path="examples/code-only/E08_DpiAware/E08_DpiAware.csproj" />
    <Project Path="examples/code-only/E09_2D_ImageProcessing/E09_2D_ImageProcessing.csproj" />
    <Project Path="examples/code-only/E09_3D_GpuPicking/E09_3D_GpuPicking.csproj" />
    <Project Path="examples/code-only/E09_3D_MeshOutline/E09_3D_MeshOutline.csproj" />
    <Project Path="examples/code-only/E09_3D_Particles/E09_3D_Particles.csproj" />
    <Project Path="examples/code-only/E09_3D_PostEffects/E09_3D_PostEffects.csproj" />
    <Project Path="examples/code-only/E09_3D_RenderToTexture/E09_3D_RenderToTexture.csproj" />
    <Project Path="examples/code-only/E09_3D_RootRendererShader/E09_3D_RootRendererShader.csproj" />
    <Project Path="examples/code-only/E09_3D_SceneRenderer/E09_3D_SceneRenderer.csproj" />
    <Project Path="examples/code-only/E10_2D_StressPile/E10_2D_StressPile.csproj" Id="ecd38d72-a517-4abb-a465-e91b7a8d5c6b" />
    <Project Path="examples/code-only/E10_2D_StressPile_Box2D/E10_2D_StressPile_Box2D.csproj" />
    <Project Path="examples/code-only/E10_3D_ComputeBoids/E10_3D_ComputeBoids.csproj" />
    <Project Path="examples/code-only/E10_3D_Instancing/E10_3D_Instancing.csproj" />
    <Project Path="examples/code-only/E10_3D_Instancing_EntityTransform/E10_3D_Instancing_EntityTransform.csproj" />
    <Project Path="examples/code-only/E11_2D_Charts/E11_2D_Charts.csproj" />
    <Project Path="examples/code-only/E11_3D_Charts/E11_3D_Charts.csproj" />
    <Project Path="examples/code-only/E12_Audio_Procedural/E12_Audio_Procedural.csproj" />
    <Project Path="examples/code-only/E12_Audio_Spatial/E12_Audio_Spatial.csproj" />
    <Project Path="examples/code-only/E12_Audio_WavFile/E12_Audio_WavFile.csproj" />
    <Project Path="examples/code-only/E11_3D_ShapeBatch/E11_3D_ShapeBatch.csproj" />
    <Project Path="examples/code-only/E13_SignalR/E13_SignalR.csproj" />
    <Project Path="examples/code-only/E13_SignalR_Blazor/E13_SignalR_Blazor.csproj" />
    <Project Path="examples/code-only/E13_SignalR_Shared/E13_SignalR_Shared.csproj" />
    <Project Path="examples/code-only/E20_3D_CubeCollapse/E20_3D_CubeCollapse.csproj" />
    <Project Path="examples/code-only/Example.Common/Example.Common.csproj" />
    <Project Path="examples/code-only/Example_2D_Playground/Example_2D_Playground.csproj" />
    <Project Path="examples/code-only/Example_Bepu_Playground/Example_Bepu_Playground.csproj" />
  </Folder>
  <Folder Name="/snippets/">
    <Project Path="examples/snippets/Easing_Example01/Easing_Example01.csproj" />
    <Project Path="examples/snippets/Physics_Example001/Physics_Example001.csproj" />
    <Project Path="examples/snippets/TextureMapping_Example01/TextureMapping_Example01.csproj" />
  </Folder>
  <Folder Name="/Solution Items/">
    <File Path=".github/copilot-instructions.md" />
    <File Path=".github/dependabot.yml" />
    <File Path=".github/git-commit-instructions.md" />
    <File Path=".github/release.yml" />
    <File Path=".github/workflows/dotnet-nuget.yml" />
    <File Path=".github/workflows/dotnet.yml" />
    <File Path=".github/workflows/github-pages.yml" />
    <File Path="Directory.Build.props" />
    <File Path="README.md" />
    <File Path="src/CommonSettings.props" />
    <File Path="tools/Stride.CommunityToolkit.Examples.Launcher/examples-manifest.json" />
  </Folder>
  <Folder Name="/Solution Items/E01_3D_BasicScene_FileBasedApp/">
    <File Path="examples/code-only/E01_3D_BasicScene_FileBasedApp/Program.cs" />
    <File Path="examples/code-only/E01_3D_BasicScene_FileBasedApp/ProgramEngineOnly.cs" />
    <File Path="examples/code-only/E01_3D_BasicScene_FileBasedApp/ProgramSimple.cs" />
  </Folder>
  <Folder Name="/tests/">
    <Project Path="tests/Stride.CommunityToolkit.Tests/Stride.CommunityToolkit.Tests.csproj" />
  </Folder>
  <Folder Name="/tools/">
    <Project Path="tools/Stride.CommunityToolkit.Examples.Launcher/Stride.CommunityToolkit.Examples.Launcher.csproj" />
    <Project Path="tools/Stride.CommunityToolkit.Examples.MetadataGenerator/Stride.CommunityToolkit.Examples.MetadataGenerator.csproj" />
    <Project Path="tools/Stride.CommunityToolkit.Examples/Stride.CommunityToolkit.Examples.csproj" />
  </Folder>
  <Project Path="docs/Stride.CommunityToolkit.Docs.csproj">
    <Build Solution="Debug|*" Project="false" />
  </Project>
  <Project Path="src/Stride.CommunityToolkit.Bepu/Stride.CommunityToolkit.Bepu.csproj" />
  <Project Path="src/Stride.CommunityToolkit.Box2D/Stride.CommunityToolkit.Box2D.csproj" />
  <Project Path="src/Stride.CommunityToolkit.Bullet/Stride.CommunityToolkit.Bullet.csproj" />
  <Project Path="src/Stride.CommunityToolkit.Charts/Stride.CommunityToolkit.Charts.csproj" />
  <Project Path="src/Stride.CommunityToolkit.DebugShapes/Stride.CommunityToolkit.DebugShapes.csproj" />
  <Project Path="src/Stride.CommunityToolkit.Effects/Stride.CommunityToolkit.Effects.csproj" />
  <Project Path="src/Stride.CommunityToolkit.ImGui/Stride.CommunityToolkit.ImGui.csproj" />
  <Project Path="src/Stride.CommunityToolkit.ImGuiNet/Stride.CommunityToolkit.ImGuiNet.csproj" />
  <Project Path="src/Stride.CommunityToolkit.Linux/Stride.CommunityToolkit.Linux.csproj" />
  <Project Path="src/Stride.CommunityToolkit.Shapes/Stride.CommunityToolkit.Shapes.csproj" />
  <Project Path="src/Stride.CommunityToolkit.Skyboxes/Stride.CommunityToolkit.Skyboxes.csproj" />
  <Project Path="src/Stride.CommunityToolkit.Windows/Stride.CommunityToolkit.Windows.csproj" />
  <Project Path="src/Stride.CommunityToolkit/Stride.CommunityToolkit.csproj" />
</Solution>